// !$*UTF8*$!
{
	archiveVersion = 1;
	classes = {
	};
	objectVersion = 48;
	objects = {

/* Begin PBXBuildFile section */
		182DEE741FDFE40F00467FC2 /* Main.storyboard in Resources */ = {isa = PBXBuildFile; fileRef = 182DEE721FDFE40F00467FC2 /* Main.storyboard */; };
		182DEE761FDFE40F00467FC2 /* Assets.xcassets in Resources */ = {isa = PBXBuildFile; fileRef = 182DEE751FDFE40F00467FC2 /* Assets.xcassets */; };
		182DEE791FDFE40F00467FC2 /* LaunchScreen.storyboard in Resources */ = {isa = PBXBuildFile; fileRef = 182DEE771FDFE40F00467FC2 /* LaunchScreen.storyboard */; };
		182DEE841FDFE40F00467FC2 /* CollapseTests.swift in Sources */ = {isa = PBXBuildFile; fileRef = 182DEE831FDFE40F00467FC2 /* CollapseTests.swift */; };
		182DEE8F1FDFE40F00467FC2 /* CollapseUITests.swift in Sources */ = {isa = PBXBuildFile; fileRef = 182DEE8E1FDFE40F00467FC2 /* CollapseUITests.swift */; };
		182DEEA01FDFE46600467FC2 /* AppDelegate.swift in Sources */ = {isa = PBXBuildFile; fileRef = 182DEE9D1FDFE46600467FC2 /* AppDelegate.swift */; };
		182DEEA11FDFE46600467FC2 /* ViewController.swift in Sources */ = {isa = PBXBuildFile; fileRef = 182DEE9F1FDFE46600467FC2 /* ViewController.swift */; };
		182DEEA31FDFE5BA00467FC2 /* Constant.swift in Sources */ = {isa = PBXBuildFile; fileRef = 182DEEA21FDFE5BA00467FC2 /* Constant.swift */; };
/* End PBXBuildFile section */

/* Begin PBXContainerItemProxy section */
		182DEE801FDFE40F00467FC2 /* PBXContainerItemProxy */ = {
			isa = PBXContainerItemProxy;
			containerPortal = 182DEE631FDFE40F00467FC2 /* Project object */;
			proxyType = 1;
			remoteGlobalIDString = 182DEE6A1FDFE40F00467FC2;
			remoteInfo = Collapse;
		};
		182DEE8B1FDFE40F00467FC2 /* PBXContainerItemProxy */ = {
			isa = PBXContainerItemProxy;
			containerPortal = 182DEE631FDFE40F00467FC2 /* Project object */;
			proxyType = 1;
			remoteGlobalIDString = 182DEE6A1FDFE40F00467FC2;
			remoteInfo = Collapse;
		};
/* End PBXContainerItemProxy section */

/* Begin PBXFileReference section */
		182DEE6B1FDFE40F00467FC2 /* Collapse.app */ = {isa = PBXFileReference; explicitFileType = wrapper.application; includeInIndex = 0; path = Collapse.app; sourceTree = BUILT_PRODUCTS_DIR; };
		182DEE731FDFE40F00467FC2 /* Base */ = {isa = PBXFileReference; lastKnownFileType = file.storyboard; name = Base; path = Base.lproj/Main.storyboard; sourceTree = "<group>"; };
		182DEE751FDFE40F00467FC2 /* Assets.xcassets */ = {isa = PBXFileReference; lastKnownFileType = folder.assetcatalog; path = Assets.xcassets; sourceTree = "<group>"; };
		182DEE781FDFE40F00467FC2 /* Base */ = {isa = PBXFileReference; lastKnownFileType = file.storyboard; name = Base; path = Base.lproj/LaunchScreen.storyboard; sourceTree = "<group>"; };
		182DEE7A1FDFE40F00467FC2 /* Info.plist */ = {isa = PBXFileReference; lastKnownFileType = text.plist.xml; path = Info.plist; sourceTree = "<group>"; };
		182DEE7F1FDFE40F00467FC2 /* CollapseTests.xctest */ = {isa = PBXFileReference; explicitFileType = wrapper.cfbundle; includeInIndex = 0; path = CollapseTests.xctest; sourceTree = BUILT_PRODUCTS_DIR; };
		182DEE831FDFE40F00467FC2 /* CollapseTests.swift */ = {isa = PBXFileReference; lastKnownFileType = sourcecode.swift; path = CollapseTests.swift; sourceTree = "<group>"; };
		182DEE851FDFE40F00467FC2 /* Info.plist */ = {isa = PBXFileReference; lastKnownFileType = text.plist.xml; path = Info.plist; sourceTree = "<group>"; };
		182DEE8A1FDFE40F00467FC2 /* CollapseUITests.xctest */ = {isa = PBXFileReference; explicitFileType = wrapper.cfbundle; includeInIndex = 0; path = CollapseUITests.xctest; sourceTree = BUILT_PRODUCTS_DIR; };
		182DEE8E1FDFE40F00467FC2 /* CollapseUITests.swift */ = {isa = PBXFileReference; lastKnownFileType = sourcecode.swift; path = CollapseUITests.swift; sourceTree = "<group>"; };
		182DEE901FDFE40F00467FC2 /* Info.plist */ = {isa = PBXFileReference; lastKnownFileType = text.plist.xml; path = Info.plist; sourceTree = "<group>"; };
		182DEE9D1FDFE46600467FC2 /* AppDelegate.swift */ = {isa = PBXFileReference; fileEncoding = 4; lastKnownFileType = sourcecode.swift; path = AppDelegate.swift; sourceTree = "<group>"; };
		182DEE9F1FDFE46600467FC2 /* ViewController.swift */ = {isa = PBXFileReference; fileEncoding = 4; lastKnownFileType = sourcecode.swift; path = ViewController.swift; sourceTree = "<group>"; };
		182DEEA21FDFE5BA00467FC2 /* Constant.swift */ = {isa = PBXFileReference; lastKnownFileType = sourcecode.swift; path = Constant.swift; sourceTree = "<group>"; };
/* End PBXFileReference section */

/* Begin PBXFrameworksBuildPhase section */
		182DEE681FDFE40F00467FC2 /* Frameworks */ = {
			isa = PBXFrameworksBuildPhase;
			buildActionMask = 2147483647;
			files = (
			);
			runOnlyForDeploymentPostprocessing = 0;
		};
		182DEE7C1FDFE40F00467FC2 /* Frameworks */ = {
			isa = PBXFrameworksBuildPhase;
			buildActionMask = 2147483647;
			files = (
			);
			runOnlyForDeploymentPostprocessing = 0;
		};
		182DEE871FDFE40F00467FC2 /* Frameworks */ = {
			isa = PBXFrameworksBuildPhase;
			buildActionMask = 2147483647;
			files = (
			);
			runOnlyForDeploymentPostprocessing = 0;
		};
/* End PBXFrameworksBuildPhase section */

/* Begin PBXGroup section */
		182DEE621FDFE40F00467FC2 = {
			isa = PBXGroup;
			children = (
				182DEE6D1FDFE40F00467FC2 /* Collapse */,
				182DEE821FDFE40F00467FC2 /* CollapseTests */,
				182DEE8D1FDFE40F00467FC2 /* CollapseUITests */,
				182DEE6C1FDFE40F00467FC2 /* Products */,
			);
			sourceTree = "<group>";
		};
		182DEE6C1FDFE40F00467FC2 /* Products */ = {
			isa = PBXGroup;
			children = (
				182DEE6B1FDFE40F00467FC2 /* Collapse.app */,
				182DEE7F1FDFE40F00467FC2 /* CollapseTests.xctest */,
				182DEE8A1FDFE40F00467FC2 /* CollapseUITests.xctest */,
			);
			name = Products;
			sourceTree = "<group>";
		};
		182DEE6D1FDFE40F00467FC2 /* Collapse */ = {
			isa = PBXGroup;
			children = (
				182DEE721FDFE40F00467FC2 /* Main.storyboard */,
				182DEEA21FDFE5BA00467FC2 /* Constant.swift */,
				182DEE9C1FDFE46600467FC2 /* AppDelegate */,
				182DEE9E1FDFE46600467FC2 /* ViewController */,
				182DEE751FDFE40F00467FC2 /* Assets.xcassets */,
				182DEE771FDFE40F00467FC2 /* LaunchScreen.storyboard */,
				182DEE7A1FDFE40F00467FC2 /* Info.plist */,
			);
			path = Collapse;
			sourceTree = "<group>";
		};
		182DEE821FDFE40F00467FC2 /* CollapseTests */ = {
			isa = PBXGroup;
			children = (
				182DEE831FDFE40F00467FC2 /* CollapseTests.swift */,
				182DEE851FDFE40F00467FC2 /* Info.plist */,
			);
			path = CollapseTests;
			sourceTree = "<group>";
		};
		182DEE8D1FDFE40F00467FC2 /* CollapseUITests */ = {
			isa = PBXGroup;
			children = (
				182DEE8E1FDFE40F00467FC2 /* CollapseUITests.swift */,
				182DEE901FDFE40F00467FC2 /* Info.plist */,
			);
			path = CollapseUITests;
			sourceTree = "<group>";
		};
		182DEE9C1FDFE46600467FC2 /* AppDelegate */ = {
			isa = PBXGroup;
			children = (
				182DEE9D1FDFE46600467FC2 /* AppDelegate.swift */,
			);
			path = AppDelegate;
			sourceTree = "<group>";
		};
		182DEE9E1FDFE46600467FC2 /* ViewController */ = {
			isa = PBXGroup;
			children = (
				182DEE9F1FDFE46600467FC2 /* ViewController.swift */,
			);
			path = ViewController;
			sourceTree = "<group>";
		};
/* End PBXGroup section */

/* Begin PBXNativeTarget section */
		182DEE6A1FDFE40F00467FC2 /* Collapse */ = {
			isa = PBXNativeTarget;
			buildConfigurationList = 182DEE931FDFE40F00467FC2 /* Build configuration list for PBXNativeTarget "Collapse" */;
			buildPhases = (
				182DEE671FDFE40F00467FC2 /* Sources */,
				182DEE681FDFE40F00467FC2 /* Frameworks */,
				182DEE691FDFE40F00467FC2 /* Resources */,
			);
			buildRules = (
			);
			dependencies = (
			);
			name = Collapse;
			productName = Collapse;
			productReference = 182DEE6B1FDFE40F00467FC2 /* Collapse.app */;
			productType = "com.apple.product-type.application";
		};
		182DEE7E1FDFE40F00467FC2 /* CollapseTests */ = {
			isa = PBXNativeTarget;
			buildConfigurationList = 182DEE961FDFE40F00467FC2 /* Build configuration list for PBXNativeTarget "CollapseTests" */;
			buildPhases = (
				182DEE7B1FDFE40F00467FC2 /* Sources */,
				182DEE7C1FDFE40F00467FC2 /* Frameworks */,
				182DEE7D1FDFE40F00467FC2 /* Resources */,
			);
			buildRules = (
			);
			dependencies = (
				182DEE811FDFE40F00467FC2 /* PBXTargetDependency */,
			);
			name = CollapseTests;
			productName = CollapseTests;
			productReference = 182DEE7F1FDFE40F00467FC2 /* CollapseTests.xctest */;
			productType = "com.apple.product-type.bundle.unit-test";
		};
		182DEE891FDFE40F00467FC2 /* CollapseUITests */ = {
			isa = PBXNativeTarget;
			buildConfigurationList = 182DEE991FDFE40F00467FC2 /* Build configuration list for PBXNativeTarget "CollapseUITests" */;
			buildPhases = (
				182DEE861FDFE40F00467FC2 /* Sources */,
				182DEE871FDFE40F00467FC2 /* Frameworks */,
				182DEE881FDFE40F00467FC2 /* Resources */,
			);
			buildRules = (
			);
			dependencies = (
				182DEE8C1FDFE40F00467FC2 /* PBXTargetDependency */,
			);
			name = CollapseUITests;
			productName = CollapseUITests;
			productReference = 182DEE8A1FDFE40F00467FC2 /* CollapseUITests.xctest */;
			productType = "com.apple.product-type.bundle.ui-testing";
		};
/* End PBXNativeTarget section */

/* Begin PBXProject section */
		182DEE631FDFE40F00467FC2 /* Project object */ = {
			isa = PBXProject;
			attributes = {
				LastSwiftUpdateCheck = 0900;
				LastUpgradeCheck = 0900;
				ORGANIZATIONNAME = apple;
				TargetAttributes = {
					182DEE6A1FDFE40F00467FC2 = {
						CreatedOnToolsVersion = 9.0;
						ProvisioningStyle = Automatic;
					};
					182DEE7E1FDFE40F00467FC2 = {
						CreatedOnToolsVersion = 9.0;
						ProvisioningStyle = Automatic;
						TestTargetID = 182DEE6A1FDFE40F00467FC2;
					};
					182DEE891FDFE40F00467FC2 = {
						CreatedOnToolsVersion = 9.0;
						ProvisioningStyle = Automatic;
						TestTargetID = 182DEE6A1FDFE40F00467FC2;
					};
				};
			};
			buildConfigurationList = 182DEE661FDFE40F00467FC2 /* Build configuration list for PBXProject "Collapse" */;
			compatibilityVersion = "Xcode 8.0";
			developmentRegion = en;
			hasScannedForEncodings = 0;
			knownRegions = (
				en,
				Base,
			);
			mainGroup = 182DEE621FDFE40F00467FC2;
			productRefGroup = 182DEE6C1FDFE40F00467FC2 /* Products */;
			projectDirPath = "";
			projectRoot = "";
			targets = (
				182DEE6A1FDFE40F00467FC2 /* Collapse */,
				182DEE7E1FDFE40F00467FC2 /* CollapseTests */,
				182DEE891FDFE40F00467FC2 /* CollapseUITests */,
			);
		};
/* End PBXProject section */

/* Begin PBXResourcesBuildPhase section */
		182DEE691FDFE40F00467FC2 /* Resources */ = {
			isa = PBXResourcesBuildPhase;
			buildActionMask = 2147483647;
			files = (
				182DEE791FDFE40F00467FC2 /* LaunchScreen.storyboard in Resources */,
				182DEE761FDFE40F00467FC2 /* Assets.xcassets in Resources */,
				182DEE741FDFE40F00467FC2 /* Main.storyboard in Resources */,
			);
			runOnlyForDeploymentPostprocessing = 0;
		};
		182DEE7D1FDFE40F00467FC2 /* Resources */ = {
			isa = PBXResourcesBuildPhase;
			buildActionMask = 2147483647;
			files = (
			);
			runOnlyForDeploymentPostprocessing = 0;
		};
		182DEE881FDFE40F00467FC2 /* Resources */ = {
			isa = PBXResourcesBuildPhase;
			buildActionMask = 2147483647;
			files = (
			);
			runOnlyForDeploymentPostprocessing = 0;
		};
/* End PBXResourcesBuildPhase section */

/* Begin PBXSourcesBuildPhase section */
		182DEE671FDFE40F00467FC2 /* Sources */ = {
			isa = PBXSourcesBuildPhase;
			buildActionMask = 2147483647;
			files = (
				182DEEA11FDFE46600467FC2 /* ViewController.swift in Sources */,
				182DEEA01FDFE46600467FC2 /* AppDelegate.swift in Sources */,
				182DEEA31FDFE5BA00467FC2 /* Constant.swift in Sources */,
			);
			runOnlyForDeploymentPostprocessing = 0;
		};
		182DEE7B1FDFE40F00467FC2 /* Sources */ = {
			isa = PBXSourcesBuildPhase;
			buildActionMask = 2147483647;
			files = (
				182DEE841FDFE40F00467FC2 /* CollapseTests.swift in Sources */,
			);
			runOnlyForDeploymentPostprocessing = 0;
		};
		182DEE861FDFE40F00467FC2 /* Sources */ = {
			isa = PBXSourcesBuildPhase;
			buildActionMask = 2147483647;
			files = (
				182DEE8F1FDFE40F00467FC2 /* CollapseUITests.swift in Sources */,
			);
			runOnlyForDeploymentPostprocessing = 0;
		};
/* End PBXSourcesBuildPhase section */

/* Begin PBXTargetDependency section */
		182DEE811FDFE40F00467FC2 /* PBXTargetDependency */ = {
			isa = PBXTargetDependency;
			target = 182DEE6A1FDFE40F00467FC2 /* Collapse */;
			targetProxy = 182DEE801FDFE40F00467FC2 /* PBXContainerItemProxy */;
		};
		182DEE8C1FDFE40F00467FC2 /* PBXTargetDependency */ = {
			isa = PBXTargetDependency;
			target = 182DEE6A1FDFE40F00467FC2 /* Collapse */;
			targetProxy = 182DEE8B1FDFE40F00467FC2 /* PBXContainerItemProxy */;
		};
/* End PBXTargetDependency section */

/* Begin PBXVariantGroup section */
		182DEE721FDFE40F00467FC2 /* Main.storyboard */ = {
			isa = PBXVariantGroup;
			children = (
				182DEE731FDFE40F00467FC2 /* Base */,
			);
			name = Main.storyboard;
			sourceTree = "<group>";
		};
		182DEE771FDFE40F00467FC2 /* LaunchScreen.storyboard */ = {
			isa = PBXVariantGroup;
			children = (
				182DEE781FDFE40F00467FC2 /* Base */,
			);
			name = LaunchScreen.storyboard;
			sourceTree = "<group>";
		};
/* End PBXVariantGroup section */

/* Begin XCBuildConfiguration section */
		182DEE911FDFE40F00467FC2 /* Debug */ = {
			isa = XCBuildConfiguration;
			buildSettings = {
				ALWAYS_SEARCH_USER_PATHS = NO;
				CLANG_ANALYZER_NONNULL = YES;
				CLANG_ANALYZER_NUMBER_OBJECT_CONVERSION = YES_AGGRESSIVE;
				CLANG_CXX_LANGUAGE_STANDARD = "gnu++14";
				CLANG_CXX_LIBRARY = "libc++";
				CLANG_ENABLE_MODULES = YES;
				CLANG_ENABLE_OBJC_ARC = YES;
				CLANG_WARN_BLOCK_CAPTURE_AUTORELEASING = YES;
				CLANG_WARN_BOOL_CONVERSION = YES;
				CLANG_WARN_COMMA = YES;
				CLANG_WARN_CONSTANT_CONVERSION = YES;
				CLANG_WARN_DIRECT_OBJC_ISA_USAGE = YES_ERROR;
				CLANG_WARN_DOCUMENTATION_COMMENTS = YES;
				CLANG_WARN_EMPTY_BODY = YES;
				CLANG_WARN_ENUM_CONVERSION = YES;
				CLANG_WARN_INFINITE_RECURSION = YES;
				CLANG_WARN_INT_CONVERSION = YES;
				CLANG_WARN_NON_LITERAL_NULL_CONVERSION = YES;
				CLANG_WARN_OBJC_LITERAL_CONVERSION = YES;
				CLANG_WARN_OBJC_ROOT_CLASS = YES_ERROR;
				CLANG_WARN_RANGE_LOOP_ANALYSIS = YES;
				CLANG_WARN_STRICT_PROTOTYPES = YES;
				CLANG_WARN_SUSPICIOUS_MOVE = YES;
				CLANG_WARN_UNGUARDED_AVAILABILITY = YES_AGGRESSIVE;
				CLANG_WARN_UNREACHABLE_CODE = YES;
				CLANG_WARN__DUPLICATE_METHOD_MATCH = YES;
				CODE_SIGN_IDENTITY = "iPhone Developer";
				COPY_PHASE_STRIP = NO;
				DEBUG_INFORMATION_FORMAT = dwarf;
				ENABLE_STRICT_OBJC_MSGSEND = YES;
				ENABLE_TESTABILITY = YES;
				GCC_C_LANGUAGE_STANDARD = gnu11;
				GCC_DYNAMIC_NO_PIC = NO;
				GCC_NO_COMMON_BLOCKS = YES;
				GCC_OPTIMIZATION_LEVEL = 0;
				GCC_PREPROCESSOR_DEFINITIONS = (
					"DEBUG=1",
					"$(inherited)",
				);
				GCC_WARN_64_TO_32_BIT_CONVERSION = YES;
				GCC_WARN_ABOUT_RETURN_TYPE = YES_ERROR;
				GCC_WARN_UNDECLARED_SELECTOR = YES;
				GCC_WARN_UNINITIALIZED_AUTOS = YES_AGGRESSIVE;
				GCC_WARN_UNUSED_FUNCTION = YES;
				GCC_WARN_UNUSED_VARIABLE = YES;
				IPHONEOS_DEPLOYMENT_TARGET = 11.0;
				MTL_ENABLE_DEBUG_INFO = YES;
				ONLY_ACTIVE_ARCH = YES;
				SDKROOT = iphoneos;
				SWIFT_ACTIVE_COMPILATION_CONDITIONS = DEBUG;
				SWIFT_OPTIMIZATION_LEVEL = "-Onone";
			};
			name = Debug;
		};
		182DEE921FDFE40F00467FC2 /* Release */ = {
			isa = XCBuildConfiguration;
			buildSettings = {
				ALWAYS_SEARCH_USER_PATHS = NO;
				CLANG_ANALYZER_NONNULL = YES;
				CLANG_ANALYZER_NUMBER_OBJECT_CONVERSION = YES_AGGRESSIVE;
				CLANG_CXX_LANGUAGE_STANDARD = "gnu++14";
				CLANG_CXX_LIBRARY = "libc++";
				CLANG_ENABLE_MODULES = YES;
				CLANG_ENABLE_OBJC_ARC = YES;
				CLANG_WARN_BLOCK_CAPTURE_AUTORELEASING = YES;
				CLANG_WARN_BOOL_CONVERSION = YES;
				CLANG_WARN_COMMA = YES;
				CLANG_WARN_CONSTANT_CONVERSION = YES;
				CLANG_WARN_DIRECT_OBJC_ISA_USAGE = YES_ERROR;
				CLANG_WARN_DOCUMENTATION_COMMENTS = YES;
				CLANG_WARN_EMPTY_BODY = YES;
				CLANG_WARN_ENUM_CONVERSION = YES;
				CLANG_WARN_INFINITE_RECURSION = YES;
				CLANG_WARN_INT_CONVERSION = YES;
				CLANG_WARN_NON_LITERAL_NULL_CONVERSION = YES;
				CLANG_WARN_OBJC_LITERAL_CONVERSION = YES;
				CLANG_WARN_OBJC_ROOT_CLASS = YES_ERROR;
				CLANG_WARN_RANGE_LOOP_ANALYSIS = YES;
				CLANG_WARN_STRICT_PROTOTYPES = YES;
				CLANG_WARN_SUSPICIOUS_MOVE = YES;
				CLANG_WARN_UNGUARDED_AVAILABILITY = YES_AGGRESSIVE;
				CLANG_WARN_UNREACHABLE_CODE = YES;
				CLANG_WARN__DUPLICATE_METHOD_MATCH = YES;
				CODE_SIGN_IDENTITY = "iPhone Developer";
				COPY_PHASE_STRIP = NO;
				DEBUG_INFORMATION_FORMAT = "dwarf-with-dsym";
				ENABLE_NS_ASSERTIONS = NO;
				ENABLE_STRICT_OBJC_MSGSEND = YES;
				GCC_C_LANGUAGE_STANDARD = gnu11;
				GCC_NO_COMMON_BLOCKS = YES;
				GCC_WARN_64_TO_32_BIT_CONVERSION = YES;
				GCC_WARN_ABOUT_RETURN_TYPE = YES_ERROR;
				GCC_WARN_UNDECLARED_SELECTOR = YES;
				GCC_WARN_UNINITIALIZED_AUTOS = YES_AGGRESSIVE;
				GCC_WARN_UNUSED_FUNCTION = YES;
				GCC_WARN_UNUSED_VARIABLE = YES;
				IPHONEOS_DEPLOYMENT_TARGET = 11.0;
				MTL_ENABLE_DEBUG_INFO = NO;
				SDKROOT = iphoneos;
				SWIFT_OPTIMIZATION_LEVEL = "-Owholemodule";
				VALIDATE_PRODUCT = YES;
			};
			name = Release;
		};
		182DEE941FDFE40F00467FC2 /* Debug */ = {
			isa = XCBuildConfiguration;
			buildSettings = {
				ASSETCATALOG_COMPILER_APPICON_NAME = AppIcon;
				CODE_SIGN_STYLE = Automatic;
				DEVELOPMENT_TEAM = 4C6X53Z6W3;
				INFOPLIST_FILE = Collapse/Info.plist;
				LD_RUNPATH_SEARCH_PATHS = "$(inherited) @executable_path/Frameworks";
				PRODUCT_BUNDLE_IDENTIFIER = "Tech-Aspire.Collapse";
				PRODUCT_NAME = "$(TARGET_NAME)";
				SWIFT_VERSION = 4.0;
				TARGETED_DEVICE_FAMILY = "1,2";
			};
			name = Debug;
		};
		182DEE951FDFE40F00467FC2 /* Release */ = {
			isa = XCBuildConfiguration;
			buildSettings = {
				ASSETCATALOG_COMPILER_APPICON_NAME = AppIcon;
				CODE_SIGN_STYLE = Automatic;
				DEVELOPMENT_TEAM = 4C6X53Z6W3;
				INFOPLIST_FILE = Collapse/Info.plist;
				LD_RUNPATH_SEARCH_PATHS = "$(inherited) @executable_path/Frameworks";
				PRODUCT_BUNDLE_IDENTIFIER = "Tech-Aspire.Collapse";
				PRODUCT_NAME = "$(TARGET_NAME)";
				SWIFT_VERSION = 4.0;
				TARGETED_DEVICE_FAMILY = "1,2";
			};
			name = Release;
		};
		182DEE971FDFE40F00467FC2 /* Debug */ = {
			isa = XCBuildConfiguration;
			buildSettings = {
				ALWAYS_EMBED_SWIFT_STANDARD_LIBRARIES = YES;
				BUNDLE_LOADER = "$(TEST_HOST)";
				CODE_SIGN_STYLE = Automatic;
				DEVELOPMENT_TEAM = 4C6X53Z6W3;
				INFOPLIST_FILE = CollapseTests/Info.plist;
				LD_RUNPATH_SEARCH_PATHS = "$(inherited) @executable_path/Frameworks @loader_path/Frameworks";
				PRODUCT_BUNDLE_IDENTIFIER = "Tech-Aspire.CollapseTests";
				PRODUCT_NAME = "$(TARGET_NAME)";
				SWIFT_VERSION = 4.0;
				TARGETED_DEVICE_FAMILY = "1,2";
				TEST_HOST = "$(BUILT_PRODUCTS_DIR)/Collapse.app/Collapse";
			};
			name = Debug;
		};
		182DEE981FDFE40F00467FC2 /* Release */ = {
			isa = XCBuildConfiguration;
			buildSettings = {
				ALWAYS_EMBED_SWIFT_STANDARD_LIBRARIES = YES;
				BUNDLE_LOADER = "$(TEST_HOST)";
				CODE_SIGN_STYLE = Automatic;
				DEVELOPMENT_TEAM = 4C6X53Z6W3;
				INFOPLIST_FILE = CollapseTests/Info.plist;
				LD_RUNPATH_SEARCH_PATHS = "$(inherited) @executable_path/Frameworks @loader_path/Frameworks";
				PRODUCT_BUNDLE_IDENTIFIER = "Tech-Aspire.CollapseTests";
				PRODUCT_NAME = "$(TARGET_NAME)";
				SWIFT_VERSION = 4.0;
				TARGETED_DEVICE_FAMILY = "1,2";
				TEST_HOST = "$(BUILT_PRODUCTS_DIR)/Collapse.app/Collapse";
			};
			name = Release;
		};
		182DEE9A1FDFE40F00467FC2 /* Debug */ = {
			isa = XCBuildConfiguration;
			buildSettings = {
				ALWAYS_EMBED_SWIFT_STANDARD_LIBRARIES = YES;
				CODE_SIGN_STYLE = Automatic;
				DEVELOPMENT_TEAM = 4C6X53Z6W3;
				INFOPLIST_FILE = CollapseUITests/Info.plist;
				LD_RUNPATH_SEARCH_PATHS = "$(inherited) @executable_path/Frameworks @loader_path/Frameworks";
				PRODUCT_BUNDLE_IDENTIFIER = "Tech-Aspire.CollapseUITests";
				PRODUCT_NAME = "$(TARGET_NAME)";
				SWIFT_VERSION = 4.0;
				TARGETED_DEVICE_FAMILY = "1,2";
				TEST_TARGET_NAME = Collapse;
			};
			name = Debug;
		};
		182DEE9B1FDFE40F00467FC2 /* Release */ = {
			isa = XCBuildConfiguration;
			buildSettings = {
				ALWAYS_EMBED_SWIFT_STANDARD_LIBRARIES = YES;
				CODE_SIGN_STYLE = Automatic;
				DEVELOPMENT_TEAM = 4C6X53Z6W3;
				INFOPLIST_FILE = CollapseUITests/Info.plist;
				LD_RUNPATH_SEARCH_PATHS = "$(inherited) @executable_path/Frameworks @loader_path/Frameworks";
				PRODUCT_BUNDLE_IDENTIFIER = "Tech-Aspire.CollapseUITests";
				PRODUCT_NAME = "$(TARGET_NAME)";
				SWIFT_VERSION = 4.0;
				TARGETED_DEVICE_FAMILY = "1,2";
				TEST_TARGET_NAME = Collapse;
			};
			name = Release;
		};
/* End XCBuildConfiguration section */

/* Begin XCConfigurationList section */
		182DEE661FDFE40F00467FC2 /* Build configuration list for PBXProject "Collapse" */ = {
			isa = XCConfigurationList;
			buildConfigurations = (
				182DEE911FDFE40F00467FC2 /* Debug */,
				182DEE921FDFE40F00467FC2 /* Release */,
			);
			defaultConfigurationIsVisible = 0;
			defaultConfigurationName = Release;
		};
		182DEE931FDFE40F00467FC2 /* Build configuration list for PBXNativeTarget "Collapse" */ = {
			isa = XCConfigurationList;
			buildConfigurations = (
				182DEE941FDFE40F00467FC2 /* Debug */,
				182DEE951FDFE40F00467FC2 /* Release */,
			);
			defaultConfigurationIsVisible = 0;
			defaultConfigurationName = Release;
		};
		182DEE961FDFE40F00467FC2 /* Build configuration list for PBXNativeTarget "CollapseTests" */ = {
			isa = XCConfigurationList;
			buildConfigurations = (
				182DEE971FDFE40F00467FC2 /* Debug */,
				182DEE981FDFE40F00467FC2 /* Release */,
			);
			defaultConfigurationIsVisible = 0;
			defaultConfigurationName = Release;
		};
		182DEE991FDFE40F00467FC2 /* Build configuration list for PBXNativeTarget "CollapseUITests" */ = {
			isa = XCConfigurationList;
			buildConfigurations = (
				182DEE9A1FDFE40F00467FC2 /* Debug */,
				182DEE9B1FDFE40F00467FC2 /* Release */,
			);
			defaultConfigurationIsVisible = 0;
			defaultConfigurationName = Release;
		};
/* End XCConfigurationList section */
	};
	rootObject = 182DEE631FDFE40F00467FC2 /* Project object */;
}
